
Microsoft Visual Studio Solution File, Format Version 12.00
# Visual Studio 15
VisualStudioVersion = 15.0.28307.2092
MinimumVisualStudioVersion = 10.0.40219.1
Project("{FAE04EC0-301F-11D3-BF4B-00C04F79EFBC}") = "WebHoteleria", "WebHoteleria\WebHoteleria.csproj", "{D115FBB5-BD72-4C23-B391-DAB9421991A8}"
EndProject
Project("{FAE04EC0-301F-11D3-BF4B-00C04F79EFBC}") = "EntidadesHoteleria", "EntidadesHoteleria\EntidadesHoteleria.csproj", "{0B50271E-986A-4997-AD72-3419D56DB171}"
EndProject
Global
	GlobalSection(SolutionConfigurationPlatforms) = preSolution
		Debug|Any CPU = Debug|Any CPU
		Release|Any CPU = Release|Any CPU
	EndGlobalSection
	GlobalSection(ProjectConfigurationPlatforms) = postSolution
		{D115FBB5-BD72-4C23-B391-DAB9421991A8}.Debug|Any CPU.ActiveCfg = Debug|Any CPU
		{D115FBB5-BD72-4C23-B391-DAB9421991A8}.Debug|Any CPU.Build.0 = Debug|Any CPU
		{D115FBB5-BD72-4C23-B391-DAB9421991A8}.Release|Any CPU.ActiveCfg = Release|Any CPU
		{D115FBB5-BD72-4C23-B391-DAB9421991A8}.Release|Any CPU.Build.0 = Release|Any CPU
		{0B50271E-986A-4997-AD72-3419D56DB171}.Debug|Any CPU.ActiveCfg = Debug|Any CPU
		{0B50271E-986A-4997-AD72-3419D56DB171}.Debug|Any CPU.Build.0 = Debug|Any CPU
		{0B50271E-986A-4997-AD72-3419D56DB171}.Release|Any CPU.ActiveCfg = Release|Any CPU
		{0B50271E-986A-4997-AD72-3419D56DB171}.Release|Any CPU.Build.0 = Release|Any CPU
	EndGlobalSection
	GlobalSection(SolutionProperties) = preSolution
		HideSolutionNode = FALSE
	EndGlobalSection
	GlobalSection(ExtensibilityGlobals) = postSolution
		SolutionGuid = {D72B3083-2126-4D3D-BE95-74AF4D63C1A6}
	EndGlobalSection
EndGlobal
